<?xml version="1.0" encoding="utf-8"?>
<Project ToolsVersion="4.0" xmlns="http://schemas.microsoft.com/developer/msbuild/2003">
  <ItemGroup>
    <Filter Include="Templates">
      <UniqueIdentifier>{b27b441b-316f-40f7-97ad-27901c46e6ea}</UniqueIdentifier>
    </Filter>
    <Filter Include="Templates\include">
      <UniqueIdentifier>{01066609-a42c-4186-8e1e-50f5357dd76d}</UniqueIdentifier>
    </Filter>
    <Filter Include="JUCEAmalgam">
      <UniqueIdentifier>{025b9e4e-cb8a-4d2f-b2c4-3aa4ee3fc14f}</UniqueIdentifier>
    </Filter>
    <Filter Include="JUCEAmalgam\Modules">
      <UniqueIdentifier>{11d0c752-40da-4f2e-a8a0-4d6e0ea9e9ce}</UniqueIdentifier>
    </Filter>
    <Filter Include="JUCEAmalgam\Includes">
      <UniqueIdentifier>{33b82a8a-48ff-4f5f-ae1c-6ee1ee0c2f1b}</UniqueIdentifier>
    </Filter>
    <Filter Include="JUCEAmalgam\Objective C">
      <UniqueIdentifier>{7f343352-64c0-48eb-b54a-846a37bd5fbf}</UniqueIdentifier>
    </Filter>
  </ItemGroup>
  <ItemGroup>
    <ClCompile Include="..\..\templates\juce_audio_basics_amalgam_template.cpp">
      <Filter>Templates</Filter>
    </ClCompile>
    <ClCompile Include="..\..\templates\juce_audio_devices_amalgam_template.cpp">
      <Filter>Templates</Filter>
    </ClCompile>
    <ClCompile Include="..\..\templates\juce_audio_formats_amalgam_template.cpp">
      <Filter>Templates</Filter>
    </ClCompile>
    <ClCompile Include="..\..\templates\juce_audio_processors_amalgam_template.cpp">
      <Filter>Templates</Filter>
    </ClCompile>
    <ClCompile Include="..\..\templates\juce_audio_utils_amalgam_template.cpp">
      <Filter>Templates</Filter>
    </ClCompile>
    <ClCompile Include="..\..\templates\juce_core_amalgam_template.cpp">
      <Filter>Templates</Filter>
    </ClCompile>
    <ClCompile Include="..\..\templates\juce_cryptography_amalgam_template.cpp">
      <Filter>Templates</Filter>
    </ClCompile>
    <ClCompile Include="..\..\templates\juce_data_structures_amalgam_template.cpp">
      <Filter>Templates</Filter>
    </ClCompile>
    <ClCompile Include="..\..\templates\juce_events_amalgam_template.cpp">
      <Filter>Templates</Filter>
    </ClCompile>
    <ClCompile Include="..\..\templates\juce_graphics_amalgam_template.cpp">
      <Filter>Templates</Filter>
    </ClCompile>
    <ClCompile Include="..\..\templates\juce_gui_basics_amalgam_template.cpp">
      <Filter>Templates</Filter>
    </ClCompile>
    <ClCompile Include="..\..\templates\juce_gui_extra_amalgam_template.cpp">
      <Filter>Templates</Filter>
    </ClCompile>
    <ClCompile Include="..\..\templates\juce_opengl_amalgam_template.cpp">
      <Filter>Templates</Filter>
    </ClCompile>
    <ClCompile Include="..\..\templates\juce_video_amalgam_template.cpp">
      <Filter>Templates</Filter>
    </ClCompile>
    <ClCompile Include="..\..\JUCEAmalgam\include\juce_audio_basics_amalgam.cpp">
      <Filter>JUCEAmalgam\Modules</Filter>
    </ClCompile>
    <ClCompile Include="..\..\JUCEAmalgam\include\juce_audio_devices_amalgam.cpp">
      <Filter>JUCEAmalgam\Modules</Filter>
    </ClCompile>
    <ClCompile Include="..\..\JUCEAmalgam\include\juce_audio_formats_amalgam.cpp">
      <Filter>JUCEAmalgam\Modules</Filter>
    </ClCompile>
    <ClCompile Include="..\..\JUCEAmalgam\include\juce_audio_processors_amalgam.cpp">
      <Filter>JUCEAmalgam\Modules</Filter>
    </ClCompile>
    <ClCompile Include="..\..\JUCEAmalgam\include\juce_audio_utils_amalgam.cpp">
      <Filter>JUCEAmalgam\Modules</Filter>
    </ClCompile>
    <ClCompile Include="..\..\JUCEAmalgam\include\juce_core_amalgam.cpp">
      <Filter>JUCEAmalgam\Modules</Filter>
    </ClCompile>
    <ClCompile Include="..\..\JUCEAmalgam\include\juce_cryptography_amalgam.cpp">
      <Filter>JUCEAmalgam\Modules</Filter>
    </ClCompile>
    <ClCompile Include="..\..\JUCEAmalgam\include\juce_data_structures_amalgam.cpp">
      <Filter>JUCEAmalgam\Modules</Filter>
    </ClCompile>
    <ClCompile Include="..\..\JUCEAmalgam\include\juce_events_amalgam.cpp">
      <Filter>JUCEAmalgam\Modules</Filter>
    </ClCompile>
    <ClCompile Include="..\..\JUCEAmalgam\include\juce_graphics_amalgam.cpp">
      <Filter>JUCEAmalgam\Modules</Filter>
    </ClCompile>
    <ClCompile Include="..\..\JUCEAmalgam\include\juce_gui_basics_amalgam.cpp">
      <Filter>JUCEAmalgam\Modules</Filter>
    </ClCompile>
    <ClCompile Include="..\..\JUCEAmalgam\include\juce_gui_extra_amalgam.cpp">
      <Filter>JUCEAmalgam\Modules</Filter>
    </ClCompile>
    <ClCompile Include="..\..\JUCEAmalgam\include\juce_opengl_amalgam.cpp">
      <Filter>JUCEAmalgam\Modules</Filter>
    </ClCompile>
    <ClCompile Include="..\..\JUCEAmalgam\include\juce_video_amalgam.cpp">
      <Filter>JUCEAmalgam\Modules</Filter>
    </ClCompile>
  </ItemGroup>
  <ItemGroup>
    <ClInclude Include="..\..\JUCEAmalgam\include\juce_data_structures_amalgam.h">
      <Filter>JUCEAmalgam\Includes</Filter>
    </ClInclude>
    <ClInclude Include="..\..\JUCEAmalgam\include\juce_events_amalgam.h">
      <Filter>JUCEAmalgam\Includes</Filter>
    </ClInclude>
    <ClInclude Include="..\..\JUCEAmalgam\include\juce_graphics_amalgam.h">
      <Filter>JUCEAmalgam\Includes</Filter>
    </ClInclude>
    <ClInclude Include="..\..\JUCEAmalgam\include\juce_gui_basics_amalgam.h">
      <Filter>JUCEAmalgam\Includes</Filter>
    </ClInclude>
    <ClInclude Include="..\..\JUCEAmalgam\include\juce_gui_extra_amalgam.h">
      <Filter>JUCEAmalgam\Includes</Filter>
    </ClInclude>
    <ClInclude Include="..\..\JUCEAmalgam\include\juce_opengl_amalgam.h">
      <Filter>JUCEAmalgam\Includes</Filter>
    </ClInclude>
    <ClInclude Include="..\..\JUCEAmalgam\include\juce_video_amalgam.h">
      <Filter>JUCEAmalgam\Includes</Filter>
    </ClInclude>
    <ClInclude Include="..\..\JUCEAmalgam\include\juce_audio_basics_amalgam.h">
      <Filter>JUCEAmalgam\Includes</Filter>
    </ClInclude>
    <ClInclude Include="..\..\JUCEAmalgam\include\juce_audio_devices_amalgam.h">
      <Filter>JUCEAmalgam\Includes</Filter>
    </ClInclude>
    <ClInclude Include="..\..\JUCEAmalgam\include\juce_audio_formats_amalgam.h">
      <Filter>JUCEAmalgam\Includes</Filter>
    </ClInclude>
    <ClInclude Include="..\..\JUCEAmalgam\include\juce_audio_processors_amalgam.h">
      <Filter>JUCEAmalgam\Includes</Filter>
    </ClInclude>
    <ClInclude Include="..\..\JUCEAmalgam\include\juce_audio_utils_amalgam.h">
      <Filter>JUCEAmalgam\Includes</Filter>
    </ClInclude>
    <ClInclude Include="..\..\JUCEAmalgam\include\juce_core_amalgam.h">
      <Filter>JUCEAmalgam\Includes</Filter>
    </ClInclude>
    <ClInclude Include="..\..\JUCEAmalgam\include\juce_cryptography_amalgam.h">
      <Filter>JUCEAmalgam\Includes</Filter>
    </ClInclude>
    <ClInclude Include="..\..\templates\juce_audio_basics_amalgam_template.h">
      <Filter>Templates\include</Filter>
    </ClInclude>
    <ClInclude Include="..\..\templates\juce_audio_devices_amalgam_template.h">
      <Filter>Templates\include</Filter>
    </ClInclude>
    <ClInclude Include="..\..\templates\juce_audio_formats_amalgam_template.h">
      <Filter>Templates\include</Filter>
    </ClInclude>
    <ClInclude Include="..\..\templates\juce_audio_processors_amalgam_template.h">
      <Filter>Templates\include</Filter>
    </ClInclude>
    <ClInclude Include="..\..\templates\juce_audio_utils_amalgam_template.h">
      <Filter>Templates\include</Filter>
    </ClInclude>
    <ClInclude Include="..\..\templates\juce_core_amalgam_template.h">
      <Filter>Templates\include</Filter>
    </ClInclude>
    <ClInclude Include="..\..\templates\juce_cryptography_amalgam_template.h">
      <Filter>Templates\include</Filter>
    </ClInclude>
    <ClInclude Include="..\..\templates\juce_data_structures_amalgam_template.h">
      <Filter>Templates\include</Filter>
    </ClInclude>
    <ClInclude Include="..\..\templates\juce_events_amalgam_template.h">
      <Filter>Templates\include</Filter>
    </ClInclude>
    <ClInclude Include="..\..\templates\juce_graphics_amalgam_template.h">
      <Filter>Templates\include</Filter>
    </ClInclude>
    <ClInclude Include="..\..\templates\juce_gui_basics_amalgam_template.h">
      <Filter>Templates\include</Filter>
    </ClInclude>
    <ClInclude Include="..\..\templates\juce_gui_extra_amalgam_template.h">
      <Filter>Templates\include</Filter>
    </ClInclude>
    <ClInclude Include="..\..\templates\juce_opengl_amalgam_template.h">
      <Filter>Templates\include</Filter>
    </ClInclude>
    <ClInclude Include="..\..\templates\juce_video_amalgam_template.h">
      <Filter>Templates\include</Filter>
    </ClInclude>
  </ItemGroup>
  <ItemGroup>
    <None Include="CreateAmalgam.bat" />
    <None Include="..\..\JUCEAmalgam\include\juce_audio_basics_amalgam.mm">
      <Filter>JUCEAmalgam\Objective C</Filter>
    </None>
    <None Include="..\..\JUCEAmalgam\include\juce_audio_devices_amalgam.mm">
      <Filter>JUCEAmalgam\Objective C</Filter>
    </None>
    <None Include="..\..\JUCEAmalgam\include\juce_audio_formats_amalgam.mm">
      <Filter>JUCEAmalgam\Objective C</Filter>
    </None>
    <None Include="..\..\JUCEAmalgam\include\juce_audio_processors_amalgam.mm">
      <Filter>JUCEAmalgam\Objective C</Filter>
    </None>
    <None Include="..\..\JUCEAmalgam\include\juce_audio_utils_amalgam.mm">
      <Filter>JUCEAmalgam\Objective C</Filter>
    </None>
    <None Include="..\..\JUCEAmalgam\include\juce_core_amalgam.mm">
      <Filter>JUCEAmalgam\Objective C</Filter>
    </None>
    <None Include="..\..\JUCEAmalgam\include\juce_cryptography_amalgam.mm">
      <Filter>JUCEAmalgam\Objective C</Filter>
    </None>
    <None Include="..\..\JUCEAmalgam\include\juce_data_structures_amalgam.mm">
      <Filter>JUCEAmalgam\Objective C</Filter>
    </None>
    <None Include="..\..\JUCEAmalgam\include\juce_events_amalgam.mm">
      <Filter>JUCEAmalgam\Objective C</Filter>
    </None>
    <None Include="..\..\JUCEAmalgam\include\juce_graphics_amalgam.mm">
      <Filter>JUCEAmalgam\Objective C</Filter>
    </None>
    <None Include="..\..\JUCEAmalgam\include\juce_gui_basics_amalgam.mm">
      <Filter>JUCEAmalgam\Objective C</Filter>
    </None>
    <None Include="..\..\JUCEAmalgam\include\juce_gui_extra_amalgam.mm">
      <Filter>JUCEAmalgam\Objective C</Filter>
    </None>
    <None Include="..\..\JUCEAmalgam\include\juce_opengl_amalgam.mm">
      <Filter>JUCEAmalgam\Objective C</Filter>
    </None>
    <None Include="..\..\JUCEAmalgam\include\juce_video_amalgam.mm">
      <Filter>JUCEAmalgam\Objective C</Filter>
    </None>
    <None Include="..\..\README.md" />
    <None Include="..\..\CreateAmalgam.sh" />
    <None Include="..\..\JUCEAmalgam\README.md">
      <Filter>JUCEAmalgam</Filter>
    </None>
  </ItemGroup>
</Project>